
Microsoft Visual Studio Solution File, Format Version 12.00
# Visual Studio Version 16
VisualStudioVersion = 16.0.30804.86
MinimumVisualStudioVersion = 10.0.40219.1
Project("{FAE04EC0-301F-11D3-BF4B-00C04F79EFBC}") = "Restaurant", "Restaurant\Restaurant.csproj", "{C964D8C2-6C9F-4C3E-8CFE-DEB3460CBFA4}"
EndProject
Global
	GlobalSection(SolutionConfigurationPlatforms) = preSolution
		Debug|Any CPU = Debug|Any CPU
		Release|Any CPU = Release|Any CPU
	EndGlobalSection
	GlobalSection(ProjectConfigurationPlatforms) = postSolution
		{C964D8C2-6C9F-4C3E-8CFE-DEB3460CBFA4}.Debug|Any CPU.ActiveCfg = Debug|Any CPU
		{C964D8C2-6C9F-4C3E-8CFE-DEB3460CBFA4}.Debug|Any CPU.Build.0 = Debug|Any CPU
		{C964D8C2-6C9F-4C3E-8CFE-DEB3460CBFA4}.Release|Any CPU.ActiveCfg = Release|Any CPU
		{C964D8C2-6C9F-4C3E-8CFE-DEB3460CBFA4}.Release|Any CPU.Build.0 = Release|Any CPU
	EndGlobalSection
	GlobalSection(SolutionProperties) = preSolution
		HideSolutionNode = FALSE
	EndGlobalSection
	GlobalSection(ExtensibilityGlobals) = postSolution
		SolutionGuid = {313BF615-114C-4EA6-BCD3-B78E97D24FB9}
	EndGlobalSection
EndGlobal
